// !$*UTF8*$!
{
	archiveVersion = 1;
	classes = {
	};
	objectVersion = 55;
	objects = {

/* Begin PBXBuildFile section */
		7554A57C272ABE8000BCC6CC /* WelcomeViewController.swift in Sources */ = {isa = PBXBuildFile; fileRef = 7554A57B272ABE8000BCC6CC /* WelcomeViewController.swift */; };
		7554A57E272ABEA900BCC6CC /* MainViewController.swift in Sources */ = {isa = PBXBuildFile; fileRef = 7554A57D272ABEA900BCC6CC /* MainViewController.swift */; };
		758DBF30275DEA6C0006D9D8 /* User.swift in Sources */ = {isa = PBXBuildFile; fileRef = 758DBF2F275DEA6C0006D9D8 /* User.swift */; };
		75CA1FB5272990F60023114E /* AppDelegate.swift in Sources */ = {isa = PBXBuildFile; fileRef = 75CA1FB4272990F60023114E /* AppDelegate.swift */; };
		75CA1FB7272990F60023114E /* SceneDelegate.swift in Sources */ = {isa = PBXBuildFile; fileRef = 75CA1FB6272990F60023114E /* SceneDelegate.swift */; };
		75CA1FBC272990F60023114E /* Main.storyboard in Resources */ = {isa = PBXBuildFile; fileRef = 75CA1FBA272990F60023114E /* Main.storyboard */; };
		75CA1FBE272990F70023114E /* Assets.xcassets in Resources */ = {isa = PBXBuildFile; fileRef = 75CA1FBD272990F70023114E /* Assets.xcassets */; };
		75CA1FC1272990F70023114E /* LaunchScreen.storyboard in Resources */ = {isa = PBXBuildFile; fileRef = 75CA1FBF272990F70023114E /* LaunchScreen.storyboard */; };
/* End PBXBuildFile section */

/* Begin PBXFileReference section */
		7554A57B272ABE8000BCC6CC /* WelcomeViewController.swift */ = {isa = PBXFileReference; lastKnownFileType = sourcecode.swift; path = WelcomeViewController.swift; sourceTree = "<group>"; };
		7554A57D272ABEA900BCC6CC /* MainViewController.swift */ = {isa = PBXFileReference; lastKnownFileType = sourcecode.swift; path = MainViewController.swift; sourceTree = "<group>"; };
		758DBF2F275DEA6C0006D9D8 /* User.swift */ = {isa = PBXFileReference; lastKnownFileType = sourcecode.swift; path = User.swift; sourceTree = "<group>"; };
		75CA1FB1272990F60023114E /* Practice1.5.app */ = {isa = PBXFileReference; explicitFileType = wrapper.application; includeInIndex = 0; path = Practice1.5.app; sourceTree = BUILT_PRODUCTS_DIR; };
		75CA1FB4272990F60023114E /* AppDelegate.swift */ = {isa = PBXFileReference; lastKnownFileType = sourcecode.swift; path = AppDelegate.swift; sourceTree = "<group>"; };
		75CA1FB6272990F60023114E /* SceneDelegate.swift */ = {isa = PBXFileReference; lastKnownFileType = sourcecode.swift; path = SceneDelegate.swift; sourceTree = "<group>"; };
		75CA1FBB272990F60023114E /* Base */ = {isa = PBXFileReference; lastKnownFileType = file.storyboard; name = Base; path = Base.lproj/Main.storyboard; sourceTree = "<group>"; };
		75CA1FBD272990F70023114E /* Assets.xcassets */ = {isa = PBXFileReference; lastKnownFileType = folder.assetcatalog; path = Assets.xcassets; sourceTree = "<group>"; };
		75CA1FC0272990F70023114E /* Base */ = {isa = PBXFileReference; lastKnownFileType = file.storyboard; name = Base; path = Base.lproj/LaunchScreen.storyboard; sourceTree = "<group>"; };
		75CA1FC2272990F70023114E /* Info.plist */ = {isa = PBXFileReference; lastKnownFileType = text.plist.xml; path = Info.plist; sourceTree = "<group>"; };
/* End PBXFileReference section */

/* Begin PBXFrameworksBuildPhase section */
		75CA1FAE272990F60023114E /* Frameworks */ = {
			isa = PBXFrameworksBuildPhase;
			buildActionMask = 2147483647;
			files = (
			);
			runOnlyForDeploymentPostprocessing = 0;
		};
/* End PBXFrameworksBuildPhase section */

/* Begin PBXGroup section */
		758DBF2B275DE8A10006D9D8 /* StoryBoards */ = {
			isa = PBXGroup;
			children = (
				75CA1FBA272990F60023114E /* Main.storyboard */,
				75CA1FBF272990F70023114E /* LaunchScreen.storyboard */,
			);
			path = StoryBoards;
			sourceTree = "<group>";
		};
		758DBF2C275DE8AD0006D9D8 /* Supporting */ = {
			isa = PBXGroup;
			children = (
				75CA1FB6272990F60023114E /* SceneDelegate.swift */,
				75CA1FB4272990F60023114E /* AppDelegate.swift */,
				75CA1FC2272990F70023114E /* Info.plist */,
			);
			path = Supporting;
			sourceTree = "<group>";
		};
		758DBF2D275DE8F30006D9D8 /* ViewControlles */ = {
			isa = PBXGroup;
			children = (
				7554A57D272ABEA900BCC6CC /* MainViewController.swift */,
				7554A57B272ABE8000BCC6CC /* WelcomeViewController.swift */,
			);
			path = ViewControlles;
			sourceTree = "<group>";
		};
		758DBF2E275DEA5C0006D9D8 /* Models */ = {
			isa = PBXGroup;
			children = (
				758DBF2F275DEA6C0006D9D8 /* User.swift */,
			);
			path = Models;
			sourceTree = "<group>";
		};
		75CA1FA8272990F60023114E = {
			isa = PBXGroup;
			children = (
				75CA1FB3272990F60023114E /* Practice1.5 */,
				75CA1FB2272990F60023114E /* Products */,
			);
			sourceTree = "<group>";
		};
		75CA1FB2272990F60023114E /* Products */ = {
			isa = PBXGroup;
			children = (
				75CA1FB1272990F60023114E /* Practice1.5.app */,
			);
			name = Products;
			sourceTree = "<group>";
		};
		75CA1FB3272990F60023114E /* Practice1.5 */ = {
			isa = PBXGroup;
			children = (
				758DBF2E275DEA5C0006D9D8 /* Models */,
				758DBF2C275DE8AD0006D9D8 /* Supporting */,
				758DBF2B275DE8A10006D9D8 /* StoryBoards */,
				758DBF2D275DE8F30006D9D8 /* ViewControlles */,
				75CA1FBD272990F70023114E /* Assets.xcassets */,
			);
			path = Practice1.5;
			sourceTree = "<group>";
		};
/* End PBXGroup section */

/* Begin PBXNativeTarget section */
		75CA1FB0272990F60023114E /* Practice1.5 */ = {
			isa = PBXNativeTarget;
			buildConfigurationList = 75CA1FC5272990F70023114E /* Build configuration list for PBXNativeTarget "Practice1.5" */;
			buildPhases = (
				75CA1FAD272990F60023114E /* Sources */,
				75CA1FAE272990F60023114E /* Frameworks */,
				75CA1FAF272990F60023114E /* Resources */,
			);
			buildRules = (
			);
			dependencies = (
			);
			name = Practice1.5;
			productName = Practice1.5;
			productReference = 75CA1FB1272990F60023114E /* Practice1.5.app */;
			productType = "com.apple.product-type.application";
		};
/* End PBXNativeTarget section */

/* Begin PBXProject section */
		75CA1FA9272990F60023114E /* Project object */ = {
			isa = PBXProject;
			attributes = {
				BuildIndependentTargetsInParallel = 1;
				LastSwiftUpdateCheck = 1310;
				LastUpgradeCheck = 1310;
				TargetAttributes = {
					75CA1FB0272990F60023114E = {
						CreatedOnToolsVersion = 13.1;
					};
				};
			};
			buildConfigurationList = 75CA1FAC272990F60023114E /* Build configuration list for PBXProject "Practice1.5" */;
			compatibilityVersion = "Xcode 13.0";
			developmentRegion = en;
			hasScannedForEncodings = 0;
			knownRegions = (
				en,
				Base,
			);
			mainGroup = 75CA1FA8272990F60023114E;
			productRefGroup = 75CA1FB2272990F60023114E /* Products */;
			projectDirPath = "";
			projectRoot = "";
			targets = (
				75CA1FB0272990F60023114E /* Practice1.5 */,
			);
		};
/* End PBXProject section */

/* Begin PBXResourcesBuildPhase section */
		75CA1FAF272990F60023114E /* Resources */ = {
			isa = PBXResourcesBuildPhase;
			buildActionMask = 2147483647;
			files = (
				75CA1FC1272990F70023114E /* LaunchScreen.storyboard in Resources */,
				75CA1FBE272990F70023114E /* Assets.xcassets in Resources */,
				75CA1FBC272990F60023114E /* Main.storyboard in Resources */,
			);
			runOnlyForDeploymentPostprocessing = 0;
		};
/* End PBXResourcesBuildPhase section */

/* Begin PBXSourcesBuildPhase section */
		75CA1FAD272990F60023114E /* Sources */ = {
			isa = PBXSourcesBuildPhase;
			buildActionMask = 2147483647;
			files = (
				7554A57C272ABE8000BCC6CC /* WelcomeViewController.swift in Sources */,
				75CA1FB5272990F60023114E /* AppDelegate.swift in Sources */,
				75CA1FB7272990F60023114E /* SceneDelegate.swift in Sources */,
				758DBF30275DEA6C0006D9D8 /* User.swift in Sources */,
				7554A57E272ABEA900BCC6CC /* MainViewController.swift in Sources */,
			);
			runOnlyForDeploymentPostprocessing = 0;
		};
/* End PBXSourcesBuildPhase section */

/* Begin PBXVariantGroup section */
		75CA1FBA272990F60023114E /* Main.storyboard */ = {
			isa = PBXVariantGroup;
			children = (
				75CA1FBB272990F60023114E /* Base */,
			);
			name = Main.storyboard;
			sourceTree = "<group>";
		};
		75CA1FBF272990F70023114E /* LaunchScreen.storyboard */ = {
			isa = PBXVariantGroup;
			children = (
				75CA1FC0272990F70023114E /* Base */,
			);
			name = LaunchScreen.storyboard;
			sourceTree = "<group>";
		};
/* End PBXVariantGroup section */

/* Begin XCBuildConfiguration section */
		75CA1FC3272990F70023114E /* Debug */ = {
			isa = XCBuildConfiguration;
			buildSettings = {
				ALWAYS_SEARCH_USER_PATHS = NO;
				CLANG_ANALYZER_NONNULL = YES;
				CLANG_ANALYZER_NUMBER_OBJECT_CONVERSION = YES_AGGRESSIVE;
				CLANG_CXX_LANGUAGE_STANDARD = "gnu++17";
				CLANG_CXX_LIBRARY = "libc++";
				CLANG_ENABLE_MODULES = YES;
				CLANG_ENABLE_OBJC_ARC = YES;
				CLANG_ENABLE_OBJC_WEAK = YES;
				CLANG_WARN_BLOCK_CAPTURE_AUTORELEASING = YES;
				CLANG_WARN_BOOL_CONVERSION = YES;
				CLANG_WARN_COMMA = YES;
				CLANG_WARN_CONSTANT_CONVERSION = YES;
				CLANG_WARN_DEPRECATED_OBJC_IMPLEMENTATIONS = YES;
				CLANG_WARN_DIRECT_OBJC_ISA_USAGE = YES_ERROR;
				CLANG_WARN_DOCUMENTATION_COMMENTS = YES;
				CLANG_WARN_EMPTY_BODY = YES;
				CLANG_WARN_ENUM_CONVERSION = YES;
				CLANG_WARN_INFINITE_RECURSION = YES;
				CLANG_WARN_INT_CONVERSION = YES;
				CLANG_WARN_NON_LITERAL_NULL_CONVERSION = YES;
				CLANG_WARN_OBJC_IMPLICIT_RETAIN_SELF = YES;
				CLANG_WARN_OBJC_LITERAL_CONVERSION = YES;
				CLANG_WARN_OBJC_ROOT_CLASS = YES_ERROR;
				CLANG_WARN_QUOTED_INCLUDE_IN_FRAMEWORK_HEADER = YES;
				CLANG_WARN_RANGE_LOOP_ANALYSIS = YES;
				CLANG_WARN_STRICT_PROTOTYPES = YES;
				CLANG_WARN_SUSPICIOUS_MOVE = YES;
				CLANG_WARN_UNGUARDED_AVAILABILITY = YES_AGGRESSIVE;
				CLANG_WARN_UNREACHABLE_CODE = YES;
				CLANG_WARN__DUPLICATE_METHOD_MATCH = YES;
				COPY_PHASE_STRIP = NO;
				DEBUG_INFORMATION_FORMAT = dwarf;
				ENABLE_STRICT_OBJC_MSGSEND = YES;
				ENABLE_TESTABILITY = YES;
				GCC_C_LANGUAGE_STANDARD = gnu11;
				GCC_DYNAMIC_NO_PIC = NO;
				GCC_NO_COMMON_BLOCKS = YES;
				GCC_OPTIMIZATION_LEVEL = 0;
				GCC_PREPROCESSOR_DEFINITIONS = (
					"DEBUG=1",
					"$(inherited)",
				);
				GCC_WARN_64_TO_32_BIT_CONVERSION = YES;
				GCC_WARN_ABOUT_RETURN_TYPE = YES_ERROR;
				GCC_WARN_UNDECLARED_SELECTOR = YES;
				GCC_WARN_UNINITIALIZED_AUTOS = YES_AGGRESSIVE;
				GCC_WARN_UNUSED_FUNCTION = YES;
				GCC_WARN_UNUSED_VARIABLE = YES;
				IPHONEOS_DEPLOYMENT_TARGET = 15.0;
				MTL_ENABLE_DEBUG_INFO = INCLUDE_SOURCE;
				MTL_FAST_MATH = YES;
				ONLY_ACTIVE_ARCH = YES;
				SDKROOT = iphoneos;
				SWIFT_ACTIVE_COMPILATION_CONDITIONS = DEBUG;
				SWIFT_OPTIMIZATION_LEVEL = "-Onone";
			};
			name = Debug;
		};
		75CA1FC4272990F70023114E /* Release */ = {
			isa = XCBuildConfiguration;
			buildSettings = {
				ALWAYS_SEARCH_USER_PATHS = NO;
				CLANG_ANALYZER_NONNULL = YES;
				CLANG_ANALYZER_NUMBER_OBJECT_CONVERSION = YES_AGGRESSIVE;
				CLANG_CXX_LANGUAGE_STANDARD = "gnu++17";
				CLANG_CXX_LIBRARY = "libc++";
				CLANG_ENABLE_MODULES = YES;
				CLANG_ENABLE_OBJC_ARC = YES;
				CLANG_ENABLE_OBJC_WEAK = YES;
				CLANG_WARN_BLOCK_CAPTURE_AUTORELEASING = YES;
				CLANG_WARN_BOOL_CONVERSION = YES;
				CLANG_WARN_COMMA = YES;
				CLANG_WARN_CONSTANT_CONVERSION = YES;
				CLANG_WARN_DEPRECATED_OBJC_IMPLEMENTATIONS = YES;
				CLANG_WARN_DIRECT_OBJC_ISA_USAGE = YES_ERROR;
				CLANG_WARN_DOCUMENTATION_COMMENTS = YES;
				CLANG_WARN_EMPTY_BODY = YES;
				CLANG_WARN_ENUM_CONVERSION = YES;
				CLANG_WARN_INFINITE_RECURSION = YES;
				CLANG_WARN_INT_CONVERSION = YES;
				CLANG_WARN_NON_LITERAL_NULL_CONVERSION = YES;
				CLANG_WARN_OBJC_IMPLICIT_RETAIN_SELF = YES;
				CLANG_WARN_OBJC_LITERAL_CONVERSION = YES;
				CLANG_WARN_OBJC_ROOT_CLASS = YES_ERROR;
				CLANG_WARN_QUOTED_INCLUDE_IN_FRAMEWORK_HEADER = YES;
				CLANG_WARN_RANGE_LOOP_ANALYSIS = YES;
				CLANG_WARN_STRICT_PROTOTYPES = YES;
				CLANG_WARN_SUSPICIOUS_MOVE = YES;
				CLANG_WARN_UNGUARDED_AVAILABILITY = YES_AGGRESSIVE;
				CLANG_WARN_UNREACHABLE_CODE = YES;
				CLANG_WARN__DUPLICATE_METHOD_MATCH = YES;
				COPY_PHASE_STRIP = NO;
				DEBUG_INFORMATION_FORMAT = "dwarf-with-dsym";
				ENABLE_NS_ASSERTIONS = NO;
				ENABLE_STRICT_OBJC_MSGSEND = YES;
				GCC_C_LANGUAGE_STANDARD = gnu11;
				GCC_NO_COMMON_BLOCKS = YES;
				GCC_WARN_64_TO_32_BIT_CONVERSION = YES;
				GCC_WARN_ABOUT_RETURN_TYPE = YES_ERROR;
				GCC_WARN_UNDECLARED_SELECTOR = YES;
				GCC_WARN_UNINITIALIZED_AUTOS = YES_AGGRESSIVE;
				GCC_WARN_UNUSED_FUNCTION = YES;
				GCC_WARN_UNUSED_VARIABLE = YES;
				IPHONEOS_DEPLOYMENT_TARGET = 15.0;
				MTL_ENABLE_DEBUG_INFO = NO;
				MTL_FAST_MATH = YES;
				SDKROOT = iphoneos;
				SWIFT_COMPILATION_MODE = wholemodule;
				SWIFT_OPTIMIZATION_LEVEL = "-O";
				VALIDATE_PRODUCT = YES;
			};
			name = Release;
		};
		75CA1FC6272990F70023114E /* Debug */ = {
			isa = XCBuildConfiguration;
			buildSettings = {
				ASSETCATALOG_COMPILER_APPICON_NAME = AppIcon;
				ASSETCATALOG_COMPILER_GLOBAL_ACCENT_COLOR_NAME = AccentColor;
				CODE_SIGN_STYLE = Automatic;
				CURRENT_PROJECT_VERSION = 1;
				DEVELOPMENT_TEAM = 2N67ZPLU84;
				GENERATE_INFOPLIST_FILE = YES;
				INFOPLIST_FILE = Practice1.5/Supporting/Info.plist;
				INFOPLIST_KEY_UIApplicationSupportsIndirectInputEvents = YES;
				INFOPLIST_KEY_UILaunchStoryboardName = LaunchScreen;
				INFOPLIST_KEY_UIMainStoryboardFile = Main;
				INFOPLIST_KEY_UISupportedInterfaceOrientations = UIInterfaceOrientationPortrait;
				INFOPLIST_KEY_UISupportedInterfaceOrientations_iPad = "UIInterfaceOrientationPortrait UIInterfaceOrientationPortraitUpsideDown UIInterfaceOrientationLandscapeLeft UIInterfaceOrientationLandscapeRight";
				INFOPLIST_KEY_UISupportedInterfaceOrientations_iPhone = "UIInterfaceOrientationPortrait UIInterfaceOrientationLandscapeLeft UIInterfaceOrientationLandscapeRight";
				LD_RUNPATH_SEARCH_PATHS = (
					"$(inherited)",
					"@executable_path/Frameworks",
				);
				MARKETING_VERSION = 1.0;
				PRODUCT_BUNDLE_IDENTIFIER = "Artur.Practice1-5";
				PRODUCT_NAME = "$(TARGET_NAME)";
				SWIFT_EMIT_LOC_STRINGS = YES;
				SWIFT_VERSION = 5.0;
				TARGETED_DEVICE_FAMILY = "1,2";
			};
			name = Debug;
		};
		75CA1FC7272990F70023114E /* Release */ = {
			isa = XCBuildConfiguration;
			buildSettings = {
				ASSETCATALOG_COMPILER_APPICON_NAME = AppIcon;
				ASSETCATALOG_COMPILER_GLOBAL_ACCENT_COLOR_NAME = AccentColor;
				CODE_SIGN_STYLE = Automatic;
				CURRENT_PROJECT_VERSION = 1;
				DEVELOPMENT_TEAM = 2N67ZPLU84;
				GENERATE_INFOPLIST_FILE = YES;
				INFOPLIST_FILE = Practice1.5/Supporting/Info.plist;
				INFOPLIST_KEY_UIApplicationSupportsIndirectInputEvents = YES;
				INFOPLIST_KEY_UILaunchStoryboardName = LaunchScreen;
				INFOPLIST_KEY_UIMainStoryboardFile = Main;
				INFOPLIST_KEY_UISupportedInterfaceOrientations = UIInterfaceOrientationPortrait;
				INFOPLIST_KEY_UISupportedInterfaceOrientations_iPad = "UIInterfaceOrientationPortrait UIInterfaceOrientationPortraitUpsideDown UIInterfaceOrientationLandscapeLeft UIInterfaceOrientationLandscapeRight";
				INFOPLIST_KEY_UISupportedInterfaceOrientations_iPhone = "UIInterfaceOrientationPortrait UIInterfaceOrientationLandscapeLeft UIInterfaceOrientationLandscapeRight";
				LD_RUNPATH_SEARCH_PATHS = (
					"$(inherited)",
					"@executable_path/Frameworks",
				);
				MARKETING_VERSION = 1.0;
				PRODUCT_BUNDLE_IDENTIFIER = "Artur.Practice1-5";
				PRODUCT_NAME = "$(TARGET_NAME)";
				SWIFT_EMIT_LOC_STRINGS = YES;
				SWIFT_VERSION = 5.0;
				TARGETED_DEVICE_FAMILY = "1,2";
			};
			name = Release;
		};
/* End XCBuildConfiguration section */

/* Begin XCConfigurationList section */
		75CA1FAC272990F60023114E /* Build configuration list for PBXProject "Practice1.5" */ = {
			isa = XCConfigurationList;
			buildConfigurations = (
				75CA1FC3272990F70023114E /* Debug */,
				75CA1FC4272990F70023114E /* Release */,
			);
			defaultConfigurationIsVisible = 0;
			defaultConfigurationName = Release;
		};
		75CA1FC5272990F70023114E /* Build configuration list for PBXNativeTarget "Practice1.5" */ = {
			isa = XCConfigurationList;
			buildConfigurations = (
				75CA1FC6272990F70023114E /* Debug */,
				75CA1FC7272990F70023114E /* Release */,
			);
			defaultConfigurationIsVisible = 0;
			defaultConfigurationName = Release;
		};
/* End XCConfigurationList section */
	};
	rootObject = 75CA1FA9272990F60023114E /* Project object */;
}
